// !$*UTF8*$!
{
	archiveVersion = 1;
	classes = {
	};
	objectVersion = 56;
	objects = {

/* Begin PBXBuildFile section */
		0D6B875529340D3900E7C5DA /* Line.swift in Sources */ = {isa = PBXBuildFile; fileRef = 0D6B875429340D3900E7C5DA /* Line.swift */; };
		0D6B875729340D5400E7C5DA /* LineOrientation.swift in Sources */ = {isa = PBXBuildFile; fileRef = 0D6B875629340D5400E7C5DA /* LineOrientation.swift */; };
		0D6B875A29340FA100E7C5DA /* WKInterfaceDevice+Size.swift in Sources */ = {isa = PBXBuildFile; fileRef = 0D6B875929340FA100E7C5DA /* WKInterfaceDevice+Size.swift */; };
		0D6B875D29340FD500E7C5DA /* TextView.swift in Sources */ = {isa = PBXBuildFile; fileRef = 0D6B875C29340FD500E7C5DA /* TextView.swift */; };
		0D6B875F293410D300E7C5DA /* TextType.swift in Sources */ = {isa = PBXBuildFile; fileRef = 0D6B875E293410D300E7C5DA /* TextType.swift */; };
		0D6B87622934112600E7C5DA /* TextStyle.swift in Sources */ = {isa = PBXBuildFile; fileRef = 0D6B87612934112600E7C5DA /* TextStyle.swift */; };
		0D6B87642934115C00E7C5DA /* CardValues.swift in Sources */ = {isa = PBXBuildFile; fileRef = 0D6B87632934115C00E7C5DA /* CardValues.swift */; };
		0D6B8767293411F900E7C5DA /* CardInformation.swift in Sources */ = {isa = PBXBuildFile; fileRef = 0D6B8766293411F900E7C5DA /* CardInformation.swift */; };
		0D6B87692934125500E7C5DA /* IconStatus.swift in Sources */ = {isa = PBXBuildFile; fileRef = 0D6B87682934125500E7C5DA /* IconStatus.swift */; };
		0D6B876B2934128B00E7C5DA /* TitleCardInformation.swift in Sources */ = {isa = PBXBuildFile; fileRef = 0D6B876A2934128B00E7C5DA /* TitleCardInformation.swift */; };
		0D6B876E293412EE00E7C5DA /* ColorConstant.swift in Sources */ = {isa = PBXBuildFile; fileRef = 0D6B876D293412EE00E7C5DA /* ColorConstant.swift */; };
		0D6B8770293413E200E7C5DA /* Screen.swift in Sources */ = {isa = PBXBuildFile; fileRef = 0D6B876F293413E200E7C5DA /* Screen.swift */; };
		0D6B8773293592EC00E7C5DA /* RouteScreen.swift in Sources */ = {isa = PBXBuildFile; fileRef = 0D6B8772293592EC00E7C5DA /* RouteScreen.swift */; };
		0D6B87772935954200E7C5DA /* ScrollableDirection.swift in Sources */ = {isa = PBXBuildFile; fileRef = 0D6B87762935954200E7C5DA /* ScrollableDirection.swift */; };
		0D6B87792935957B00E7C5DA /* ScrollUp.swift in Sources */ = {isa = PBXBuildFile; fileRef = 0D6B87782935957B00E7C5DA /* ScrollUp.swift */; };
		0D6B877B293595AE00E7C5DA /* ScrollDown.swift in Sources */ = {isa = PBXBuildFile; fileRef = 0D6B877A293595AE00E7C5DA /* ScrollDown.swift */; };
		0D6B877D293596AF00E7C5DA /* ScrollFactory.swift in Sources */ = {isa = PBXBuildFile; fileRef = 0D6B877C293596AF00E7C5DA /* ScrollFactory.swift */; };
		0D6B877F2935B0FA00E7C5DA /* ScreenAvaiable.swift in Sources */ = {isa = PBXBuildFile; fileRef = 0D6B877E2935B0FA00E7C5DA /* ScreenAvaiable.swift */; };
		0D6B87822935B3E000E7C5DA /* ScreenObserver.swift in Sources */ = {isa = PBXBuildFile; fileRef = 0D6B87812935B3E000E7C5DA /* ScreenObserver.swift */; };
		0D6B87852935B43700E7C5DA /* ScreenButton.swift in Sources */ = {isa = PBXBuildFile; fileRef = 0D6B87842935B43700E7C5DA /* ScreenButton.swift */; };
		0D6B87892935B47500E7C5DA /* SelectScreen.swift in Sources */ = {isa = PBXBuildFile; fileRef = 0D6B87882935B47500E7C5DA /* SelectScreen.swift */; };
		BF4FFED0293134DD008C321A /* challenge-catar Watch App.app in Embed Watch Content */ = {isa = PBXBuildFile; fileRef = BF4FFECF293134DD008C321A /* challenge-catar Watch App.app */; settings = {ATTRIBUTES = (RemoveHeadersOnCopy, ); }; };
		BF4FFED5293134DD008C321A /* challenge_catarApp.swift in Sources */ = {isa = PBXBuildFile; fileRef = BF4FFED4293134DD008C321A /* challenge_catarApp.swift */; };
		BF4FFED7293134DD008C321A /* AppCore.swift in Sources */ = {isa = PBXBuildFile; fileRef = BF4FFED6293134DD008C321A /* AppCore.swift */; };
		BF4FFED9293134DF008C321A /* Assets.xcassets in Resources */ = {isa = PBXBuildFile; fileRef = BF4FFED8293134DF008C321A /* Assets.xcassets */; };
		BF4FFEDC293134DF008C321A /* Preview Assets.xcassets in Resources */ = {isa = PBXBuildFile; fileRef = BF4FFEDB293134DF008C321A /* Preview Assets.xcassets */; };
		BF4FFEE7293158D3008C321A /* SomeView.swift in Sources */ = {isa = PBXBuildFile; fileRef = BF4FFEE6293158D3008C321A /* SomeView.swift */; };
		BF4FFEEA293159F5008C321A /* ViewFactory.swift in Sources */ = {isa = PBXBuildFile; fileRef = BF4FFEE9293159F5008C321A /* ViewFactory.swift */; };
		BF4FFEED29315A52008C321A /* Coordinator.swift in Sources */ = {isa = PBXBuildFile; fileRef = BF4FFEEC29315A52008C321A /* Coordinator.swift */; };
/* End PBXBuildFile section */

/* Begin PBXContainerItemProxy section */
		BF4FFED1293134DD008C321A /* PBXContainerItemProxy */ = {
			isa = PBXContainerItemProxy;
			containerPortal = BF4FFEC3293134DD008C321A /* Project object */;
			proxyType = 1;
			remoteGlobalIDString = BF4FFECE293134DD008C321A;
			remoteInfo = "challenge-catar Watch App";
		};
/* End PBXContainerItemProxy section */

/* Begin PBXCopyFilesBuildPhase section */
		BF4FFEE2293134DF008C321A /* Embed Watch Content */ = {
			isa = PBXCopyFilesBuildPhase;
			buildActionMask = 2147483647;
			dstPath = "$(CONTENTS_FOLDER_PATH)/Watch";
			dstSubfolderSpec = 16;
			files = (
				BF4FFED0293134DD008C321A /* challenge-catar Watch App.app in Embed Watch Content */,
			);
			name = "Embed Watch Content";
			runOnlyForDeploymentPostprocessing = 0;
		};
/* End PBXCopyFilesBuildPhase section */

/* Begin PBXFileReference section */
		0D6B875429340D3900E7C5DA /* Line.swift */ = {isa = PBXFileReference; lastKnownFileType = sourcecode.swift; path = Line.swift; sourceTree = "<group>"; };
		0D6B875629340D5400E7C5DA /* LineOrientation.swift */ = {isa = PBXFileReference; lastKnownFileType = sourcecode.swift; path = LineOrientation.swift; sourceTree = "<group>"; };
		0D6B875929340FA100E7C5DA /* WKInterfaceDevice+Size.swift */ = {isa = PBXFileReference; lastKnownFileType = sourcecode.swift; path = "WKInterfaceDevice+Size.swift"; sourceTree = "<group>"; };
		0D6B875C29340FD500E7C5DA /* TextView.swift */ = {isa = PBXFileReference; lastKnownFileType = sourcecode.swift; path = TextView.swift; sourceTree = "<group>"; };
		0D6B875E293410D300E7C5DA /* TextType.swift */ = {isa = PBXFileReference; lastKnownFileType = sourcecode.swift; path = TextType.swift; sourceTree = "<group>"; };
		0D6B87612934112600E7C5DA /* TextStyle.swift */ = {isa = PBXFileReference; lastKnownFileType = sourcecode.swift; path = TextStyle.swift; sourceTree = "<group>"; };
		0D6B87632934115C00E7C5DA /* CardValues.swift */ = {isa = PBXFileReference; lastKnownFileType = sourcecode.swift; path = CardValues.swift; sourceTree = "<group>"; };
		0D6B8766293411F900E7C5DA /* CardInformation.swift */ = {isa = PBXFileReference; lastKnownFileType = sourcecode.swift; path = CardInformation.swift; sourceTree = "<group>"; };
		0D6B87682934125500E7C5DA /* IconStatus.swift */ = {isa = PBXFileReference; lastKnownFileType = sourcecode.swift; path = IconStatus.swift; sourceTree = "<group>"; };
		0D6B876A2934128B00E7C5DA /* TitleCardInformation.swift */ = {isa = PBXFileReference; lastKnownFileType = sourcecode.swift; path = TitleCardInformation.swift; sourceTree = "<group>"; };
		0D6B876D293412EE00E7C5DA /* ColorConstant.swift */ = {isa = PBXFileReference; lastKnownFileType = sourcecode.swift; path = ColorConstant.swift; sourceTree = "<group>"; };
		0D6B876F293413E200E7C5DA /* Screen.swift */ = {isa = PBXFileReference; lastKnownFileType = sourcecode.swift; path = Screen.swift; sourceTree = "<group>"; };
		0D6B8772293592EC00E7C5DA /* RouteScreen.swift */ = {isa = PBXFileReference; lastKnownFileType = sourcecode.swift; path = RouteScreen.swift; sourceTree = "<group>"; };
		0D6B87762935954200E7C5DA /* ScrollableDirection.swift */ = {isa = PBXFileReference; lastKnownFileType = sourcecode.swift; path = ScrollableDirection.swift; sourceTree = "<group>"; };
		0D6B87782935957B00E7C5DA /* ScrollUp.swift */ = {isa = PBXFileReference; lastKnownFileType = sourcecode.swift; path = ScrollUp.swift; sourceTree = "<group>"; };
		0D6B877A293595AE00E7C5DA /* ScrollDown.swift */ = {isa = PBXFileReference; lastKnownFileType = sourcecode.swift; path = ScrollDown.swift; sourceTree = "<group>"; };
		0D6B877C293596AF00E7C5DA /* ScrollFactory.swift */ = {isa = PBXFileReference; lastKnownFileType = sourcecode.swift; path = ScrollFactory.swift; sourceTree = "<group>"; };
		0D6B877E2935B0FA00E7C5DA /* ScreenAvaiable.swift */ = {isa = PBXFileReference; lastKnownFileType = sourcecode.swift; path = ScreenAvaiable.swift; sourceTree = "<group>"; };
		0D6B87812935B3E000E7C5DA /* ScreenObserver.swift */ = {isa = PBXFileReference; lastKnownFileType = sourcecode.swift; path = ScreenObserver.swift; sourceTree = "<group>"; };
		0D6B87842935B43700E7C5DA /* ScreenButton.swift */ = {isa = PBXFileReference; lastKnownFileType = sourcecode.swift; path = ScreenButton.swift; sourceTree = "<group>"; };
		0D6B87882935B47500E7C5DA /* SelectScreen.swift */ = {isa = PBXFileReference; lastKnownFileType = sourcecode.swift; path = SelectScreen.swift; sourceTree = "<group>"; };
		BF4FFEC9293134DD008C321A /* challenge-catar.app */ = {isa = PBXFileReference; explicitFileType = wrapper.application; includeInIndex = 0; path = "challenge-catar.app"; sourceTree = BUILT_PRODUCTS_DIR; };
		BF4FFECF293134DD008C321A /* challenge-catar Watch App.app */ = {isa = PBXFileReference; explicitFileType = wrapper.application; includeInIndex = 0; path = "challenge-catar Watch App.app"; sourceTree = BUILT_PRODUCTS_DIR; };
		BF4FFED4293134DD008C321A /* challenge_catarApp.swift */ = {isa = PBXFileReference; lastKnownFileType = sourcecode.swift; path = challenge_catarApp.swift; sourceTree = "<group>"; };
		BF4FFED6293134DD008C321A /* AppCore.swift */ = {isa = PBXFileReference; lastKnownFileType = sourcecode.swift; path = AppCore.swift; sourceTree = "<group>"; };
		BF4FFED8293134DF008C321A /* Assets.xcassets */ = {isa = PBXFileReference; lastKnownFileType = folder.assetcatalog; path = Assets.xcassets; sourceTree = "<group>"; };
		BF4FFEDB293134DF008C321A /* Preview Assets.xcassets */ = {isa = PBXFileReference; lastKnownFileType = folder.assetcatalog; path = "Preview Assets.xcassets"; sourceTree = "<group>"; };
		BF4FFEE6293158D3008C321A /* SomeView.swift */ = {isa = PBXFileReference; lastKnownFileType = sourcecode.swift; path = SomeView.swift; sourceTree = "<group>"; };
		BF4FFEE9293159F5008C321A /* ViewFactory.swift */ = {isa = PBXFileReference; lastKnownFileType = sourcecode.swift; path = ViewFactory.swift; sourceTree = "<group>"; };
		BF4FFEEC29315A52008C321A /* Coordinator.swift */ = {isa = PBXFileReference; lastKnownFileType = sourcecode.swift; path = Coordinator.swift; sourceTree = "<group>"; };
/* End PBXFileReference section */

/* Begin PBXFrameworksBuildPhase section */
		BF4FFECC293134DD008C321A /* Frameworks */ = {
			isa = PBXFrameworksBuildPhase;
			buildActionMask = 2147483647;
			files = (
			);
			runOnlyForDeploymentPostprocessing = 0;
		};
/* End PBXFrameworksBuildPhase section */

/* Begin PBXGroup section */
		0D6B875229340D2100E7C5DA /* Components */ = {
			isa = PBXGroup;
			children = (
				0D6B87832935B42700E7C5DA /* ScreenButton */,
				0D6B8765293411D000E7C5DA /* CardInformation */,
				0D6B875B29340FC500E7C5DA /* TextView */,
				0D6B875329340D2D00E7C5DA /* Line */,
			);
			path = Components;
			sourceTree = "<group>";
		};
		0D6B875329340D2D00E7C5DA /* Line */ = {
			isa = PBXGroup;
			children = (
				0D6B875429340D3900E7C5DA /* Line.swift */,
				0D6B875629340D5400E7C5DA /* LineOrientation.swift */,
			);
			path = Line;
			sourceTree = "<group>";
		};
		0D6B875829340F8900E7C5DA /* Extensions */ = {
			isa = PBXGroup;
			children = (
				0D6B875929340FA100E7C5DA /* WKInterfaceDevice+Size.swift */,
			);
			path = Extensions;
			sourceTree = "<group>";
		};
		0D6B875B29340FC500E7C5DA /* TextView */ = {
			isa = PBXGroup;
			children = (
				0D6B875C29340FD500E7C5DA /* TextView.swift */,
				0D6B875E293410D300E7C5DA /* TextType.swift */,
			);
			path = TextView;
			sourceTree = "<group>";
		};
		0D6B87602934111700E7C5DA /* Models */ = {
			isa = PBXGroup;
			children = (
				0D6B87612934112600E7C5DA /* TextStyle.swift */,
				0D6B87632934115C00E7C5DA /* CardValues.swift */,
				0D6B877E2935B0FA00E7C5DA /* ScreenAvaiable.swift */,
			);
			path = Models;
			sourceTree = "<group>";
		};
		0D6B8765293411D000E7C5DA /* CardInformation */ = {
			isa = PBXGroup;
			children = (
				0D6B8766293411F900E7C5DA /* CardInformation.swift */,
				0D6B87682934125500E7C5DA /* IconStatus.swift */,
				0D6B876A2934128B00E7C5DA /* TitleCardInformation.swift */,
				0D6B876F293413E200E7C5DA /* Screen.swift */,
			);
			path = CardInformation;
			sourceTree = "<group>";
		};
		0D6B876C293412D700E7C5DA /* Constants */ = {
			isa = PBXGroup;
			children = (
				0D6B876D293412EE00E7C5DA /* ColorConstant.swift */,
			);
			path = Constants;
			sourceTree = "<group>";
		};
		0D6B8771293592E000E7C5DA /* Routes */ = {
			isa = PBXGroup;
			children = (
				0D6B8772293592EC00E7C5DA /* RouteScreen.swift */,
			);
			path = Routes;
			sourceTree = "<group>";
		};
		0D6B87742935952300E7C5DA /* Factories */ = {
			isa = PBXGroup;
			children = (
				0D6B87752935952B00E7C5DA /* Scroll */,
			);
			path = Factories;
			sourceTree = "<group>";
		};
		0D6B87752935952B00E7C5DA /* Scroll */ = {
			isa = PBXGroup;
			children = (
				0D6B87762935954200E7C5DA /* ScrollableDirection.swift */,
				0D6B87782935957B00E7C5DA /* ScrollUp.swift */,
				0D6B877A293595AE00E7C5DA /* ScrollDown.swift */,
				0D6B877C293596AF00E7C5DA /* ScrollFactory.swift */,
			);
			path = Scroll;
			sourceTree = "<group>";
		};
		0D6B87802935B3D000E7C5DA /* Observers */ = {
			isa = PBXGroup;
			children = (
				0D6B87812935B3E000E7C5DA /* ScreenObserver.swift */,
			);
			path = Observers;
			sourceTree = "<group>";
		};
		0D6B87832935B42700E7C5DA /* ScreenButton */ = {
			isa = PBXGroup;
			children = (
				0D6B87842935B43700E7C5DA /* ScreenButton.swift */,
			);
			path = ScreenButton;
			sourceTree = "<group>";
		};
		0D6B87872935B46700E7C5DA /* Core */ = {
			isa = PBXGroup;
			children = (
				0D6B87882935B47500E7C5DA /* SelectScreen.swift */,
			);
			path = Core;
			sourceTree = "<group>";
		};
		BF4FFEC2293134DD008C321A = {
			isa = PBXGroup;
			children = (
				BF4FFED3293134DD008C321A /* challenge-catar Watch App */,
				BF4FFECA293134DD008C321A /* Products */,
			);
			sourceTree = "<group>";
		};
		BF4FFECA293134DD008C321A /* Products */ = {
			isa = PBXGroup;
			children = (
				BF4FFEC9293134DD008C321A /* challenge-catar.app */,
				BF4FFECF293134DD008C321A /* challenge-catar Watch App.app */,
			);
			name = Products;
			sourceTree = "<group>";
		};
		BF4FFED3293134DD008C321A /* challenge-catar Watch App */ = {
			isa = PBXGroup;
			children = (
				0D6B87802935B3D000E7C5DA /* Observers */,
				0D6B87742935952300E7C5DA /* Factories */,
				0D6B8771293592E000E7C5DA /* Routes */,
				0D6B876C293412D700E7C5DA /* Constants */,
				0D6B87602934111700E7C5DA /* Models */,
				0D6B875829340F8900E7C5DA /* Extensions */,
				BF4FFEF2293160A6008C321A /* Views */,
				BF4FFEEB29315A42008C321A /* Navigation */,
				BF4FFED4293134DD008C321A /* challenge_catarApp.swift */,
				BF4FFED8293134DF008C321A /* Assets.xcassets */,
				BF4FFEDA293134DF008C321A /* Preview Content */,
			);
			path = "challenge-catar Watch App";
			sourceTree = "<group>";
		};
		BF4FFEDA293134DF008C321A /* Preview Content */ = {
			isa = PBXGroup;
			children = (
				BF4FFEDB293134DF008C321A /* Preview Assets.xcassets */,
			);
			path = "Preview Content";
			sourceTree = "<group>";
		};
		BF4FFEEB29315A42008C321A /* Navigation */ = {
			isa = PBXGroup;
			children = (
				BF4FFEEC29315A52008C321A /* Coordinator.swift */,
				BF4FFEE9293159F5008C321A /* ViewFactory.swift */,
			);
			path = Navigation;
			sourceTree = "<group>";
		};
		BF4FFEF2293160A6008C321A /* Views */ = {
			isa = PBXGroup;
			children = (
				0D6B87872935B46700E7C5DA /* Core */,
				0D6B875229340D2100E7C5DA /* Components */,
				BF4FFEE6293158D3008C321A /* SomeView.swift */,
				BF4FFED6293134DD008C321A /* AppCore.swift */,
			);
			path = Views;
			sourceTree = "<group>";
		};
/* End PBXGroup section */

/* Begin PBXNativeTarget section */
		BF4FFEC8293134DD008C321A /* challenge-catar */ = {
			isa = PBXNativeTarget;
			buildConfigurationList = BF4FFEE3293134DF008C321A /* Build configuration list for PBXNativeTarget "challenge-catar" */;
			buildPhases = (
				BF4FFEC7293134DD008C321A /* Resources */,
				BF4FFEE2293134DF008C321A /* Embed Watch Content */,
			);
			buildRules = (
			);
			dependencies = (
				BF4FFED2293134DD008C321A /* PBXTargetDependency */,
			);
			name = "challenge-catar";
			productName = "challenge-catar";
			productReference = BF4FFEC9293134DD008C321A /* challenge-catar.app */;
			productType = "com.apple.product-type.application.watchapp2-container";
		};
		BF4FFECE293134DD008C321A /* challenge-catar Watch App */ = {
			isa = PBXNativeTarget;
			buildConfigurationList = BF4FFEDF293134DF008C321A /* Build configuration list for PBXNativeTarget "challenge-catar Watch App" */;
			buildPhases = (
				BF4FFECB293134DD008C321A /* Sources */,
				BF4FFECC293134DD008C321A /* Frameworks */,
				BF4FFECD293134DD008C321A /* Resources */,
			);
			buildRules = (
			);
			dependencies = (
			);
			name = "challenge-catar Watch App";
			productName = "challenge-catar Watch App";
			productReference = BF4FFECF293134DD008C321A /* challenge-catar Watch App.app */;
			productType = "com.apple.product-type.application";
		};
/* End PBXNativeTarget section */

/* Begin PBXProject section */
		BF4FFEC3293134DD008C321A /* Project object */ = {
			isa = PBXProject;
			attributes = {
				BuildIndependentTargetsInParallel = 1;
				LastSwiftUpdateCheck = 1400;
				LastUpgradeCheck = 1410;
				TargetAttributes = {
					BF4FFEC8293134DD008C321A = {
						CreatedOnToolsVersion = 14.0.1;
					};
					BF4FFECE293134DD008C321A = {
						CreatedOnToolsVersion = 14.0.1;
					};
				};
			};
			buildConfigurationList = BF4FFEC6293134DD008C321A /* Build configuration list for PBXProject "challenge-catar" */;
			compatibilityVersion = "Xcode 14.0";
			developmentRegion = en;
			hasScannedForEncodings = 0;
			knownRegions = (
				en,
				Base,
			);
			mainGroup = BF4FFEC2293134DD008C321A;
			productRefGroup = BF4FFECA293134DD008C321A /* Products */;
			projectDirPath = "";
			projectRoot = "";
			targets = (
				BF4FFEC8293134DD008C321A /* challenge-catar */,
				BF4FFECE293134DD008C321A /* challenge-catar Watch App */,
			);
		};
/* End PBXProject section */

/* Begin PBXResourcesBuildPhase section */
		BF4FFEC7293134DD008C321A /* Resources */ = {
			isa = PBXResourcesBuildPhase;
			buildActionMask = 2147483647;
			files = (
			);
			runOnlyForDeploymentPostprocessing = 0;
		};
		BF4FFECD293134DD008C321A /* Resources */ = {
			isa = PBXResourcesBuildPhase;
			buildActionMask = 2147483647;
			files = (
				BF4FFEDC293134DF008C321A /* Preview Assets.xcassets in Resources */,
				BF4FFED9293134DF008C321A /* Assets.xcassets in Resources */,
			);
			runOnlyForDeploymentPostprocessing = 0;
		};
/* End PBXResourcesBuildPhase section */

/* Begin PBXSourcesBuildPhase section */
		BF4FFECB293134DD008C321A /* Sources */ = {
			isa = PBXSourcesBuildPhase;
			buildActionMask = 2147483647;
			files = (
				0D6B877F2935B0FA00E7C5DA /* ScreenAvaiable.swift in Sources */,
				0D6B8767293411F900E7C5DA /* CardInformation.swift in Sources */,
				0D6B875A29340FA100E7C5DA /* WKInterfaceDevice+Size.swift in Sources */,
				0D6B87892935B47500E7C5DA /* SelectScreen.swift in Sources */,
				0D6B87852935B43700E7C5DA /* ScreenButton.swift in Sources */,
				0D6B87622934112600E7C5DA /* TextStyle.swift in Sources */,
				0D6B875729340D5400E7C5DA /* LineOrientation.swift in Sources */,
				0D6B87692934125500E7C5DA /* IconStatus.swift in Sources */,
				BF4FFED7293134DD008C321A /* AppCore.swift in Sources */,
				0D6B876B2934128B00E7C5DA /* TitleCardInformation.swift in Sources */,
				0D6B87772935954200E7C5DA /* ScrollableDirection.swift in Sources */,
				0D6B876E293412EE00E7C5DA /* ColorConstant.swift in Sources */,
				0D6B87792935957B00E7C5DA /* ScrollUp.swift in Sources */,
				BF4FFED5293134DD008C321A /* challenge_catarApp.swift in Sources */,
				0D6B877D293596AF00E7C5DA /* ScrollFactory.swift in Sources */,
				0D6B8773293592EC00E7C5DA /* RouteScreen.swift in Sources */,
				0D6B877B293595AE00E7C5DA /* ScrollDown.swift in Sources */,
				BF4FFEED29315A52008C321A /* Coordinator.swift in Sources */,
				0D6B875529340D3900E7C5DA /* Line.swift in Sources */,
				0D6B875D29340FD500E7C5DA /* TextView.swift in Sources */,
				BF4FFEE7293158D3008C321A /* SomeView.swift in Sources */,
				0D6B87642934115C00E7C5DA /* CardValues.swift in Sources */,
				0D6B8770293413E200E7C5DA /* Screen.swift in Sources */,
				0D6B875F293410D300E7C5DA /* TextType.swift in Sources */,
				BF4FFEEA293159F5008C321A /* ViewFactory.swift in Sources */,
				0D6B87822935B3E000E7C5DA /* ScreenObserver.swift in Sources */,
			);
			runOnlyForDeploymentPostprocessing = 0;
		};
/* End PBXSourcesBuildPhase section */

/* Begin PBXTargetDependency section */
		BF4FFED2293134DD008C321A /* PBXTargetDependency */ = {
			isa = PBXTargetDependency;
			target = BF4FFECE293134DD008C321A /* challenge-catar Watch App */;
			targetProxy = BF4FFED1293134DD008C321A /* PBXContainerItemProxy */;
		};
/* End PBXTargetDependency section */

/* Begin XCBuildConfiguration section */
		BF4FFEDD293134DF008C321A /* Debug */ = {
			isa = XCBuildConfiguration;
			buildSettings = {
				ALWAYS_SEARCH_USER_PATHS = NO;
				CLANG_ANALYZER_NONNULL = YES;
				CLANG_ANALYZER_NUMBER_OBJECT_CONVERSION = YES_AGGRESSIVE;
				CLANG_CXX_LANGUAGE_STANDARD = "gnu++20";
				CLANG_ENABLE_MODULES = YES;
				CLANG_ENABLE_OBJC_ARC = YES;
				CLANG_ENABLE_OBJC_WEAK = YES;
				CLANG_WARN_BLOCK_CAPTURE_AUTORELEASING = YES;
				CLANG_WARN_BOOL_CONVERSION = YES;
				CLANG_WARN_COMMA = YES;
				CLANG_WARN_CONSTANT_CONVERSION = YES;
				CLANG_WARN_DEPRECATED_OBJC_IMPLEMENTATIONS = YES;
				CLANG_WARN_DIRECT_OBJC_ISA_USAGE = YES_ERROR;
				CLANG_WARN_DOCUMENTATION_COMMENTS = YES;
				CLANG_WARN_EMPTY_BODY = YES;
				CLANG_WARN_ENUM_CONVERSION = YES;
				CLANG_WARN_INFINITE_RECURSION = YES;
				CLANG_WARN_INT_CONVERSION = YES;
				CLANG_WARN_NON_LITERAL_NULL_CONVERSION = YES;
				CLANG_WARN_OBJC_IMPLICIT_RETAIN_SELF = YES;
				CLANG_WARN_OBJC_LITERAL_CONVERSION = YES;
				CLANG_WARN_OBJC_ROOT_CLASS = YES_ERROR;
				CLANG_WARN_QUOTED_INCLUDE_IN_FRAMEWORK_HEADER = YES;
				CLANG_WARN_RANGE_LOOP_ANALYSIS = YES;
				CLANG_WARN_STRICT_PROTOTYPES = YES;
				CLANG_WARN_SUSPICIOUS_MOVE = YES;
				CLANG_WARN_UNGUARDED_AVAILABILITY = YES_AGGRESSIVE;
				CLANG_WARN_UNREACHABLE_CODE = YES;
				CLANG_WARN__DUPLICATE_METHOD_MATCH = YES;
				COPY_PHASE_STRIP = NO;
				DEAD_CODE_STRIPPING = YES;
				DEBUG_INFORMATION_FORMAT = dwarf;
				ENABLE_STRICT_OBJC_MSGSEND = YES;
				ENABLE_TESTABILITY = YES;
				GCC_C_LANGUAGE_STANDARD = gnu11;
				GCC_DYNAMIC_NO_PIC = NO;
				GCC_NO_COMMON_BLOCKS = YES;
				GCC_OPTIMIZATION_LEVEL = 0;
				GCC_PREPROCESSOR_DEFINITIONS = (
					"DEBUG=1",
					"$(inherited)",
				);
				GCC_WARN_64_TO_32_BIT_CONVERSION = YES;
				GCC_WARN_ABOUT_RETURN_TYPE = YES_ERROR;
				GCC_WARN_UNDECLARED_SELECTOR = YES;
				GCC_WARN_UNINITIALIZED_AUTOS = YES_AGGRESSIVE;
				GCC_WARN_UNUSED_FUNCTION = YES;
				GCC_WARN_UNUSED_VARIABLE = YES;
				MTL_ENABLE_DEBUG_INFO = INCLUDE_SOURCE;
				MTL_FAST_MATH = YES;
				ONLY_ACTIVE_ARCH = YES;
				SWIFT_ACTIVE_COMPILATION_CONDITIONS = DEBUG;
				SWIFT_OPTIMIZATION_LEVEL = "-Onone";
			};
			name = Debug;
		};
		BF4FFEDE293134DF008C321A /* Release */ = {
			isa = XCBuildConfiguration;
			buildSettings = {
				ALWAYS_SEARCH_USER_PATHS = NO;
				CLANG_ANALYZER_NONNULL = YES;
				CLANG_ANALYZER_NUMBER_OBJECT_CONVERSION = YES_AGGRESSIVE;
				CLANG_CXX_LANGUAGE_STANDARD = "gnu++20";
				CLANG_ENABLE_MODULES = YES;
				CLANG_ENABLE_OBJC_ARC = YES;
				CLANG_ENABLE_OBJC_WEAK = YES;
				CLANG_WARN_BLOCK_CAPTURE_AUTORELEASING = YES;
				CLANG_WARN_BOOL_CONVERSION = YES;
				CLANG_WARN_COMMA = YES;
				CLANG_WARN_CONSTANT_CONVERSION = YES;
				CLANG_WARN_DEPRECATED_OBJC_IMPLEMENTATIONS = YES;
				CLANG_WARN_DIRECT_OBJC_ISA_USAGE = YES_ERROR;
				CLANG_WARN_DOCUMENTATION_COMMENTS = YES;
				CLANG_WARN_EMPTY_BODY = YES;
				CLANG_WARN_ENUM_CONVERSION = YES;
				CLANG_WARN_INFINITE_RECURSION = YES;
				CLANG_WARN_INT_CONVERSION = YES;
				CLANG_WARN_NON_LITERAL_NULL_CONVERSION = YES;
				CLANG_WARN_OBJC_IMPLICIT_RETAIN_SELF = YES;
				CLANG_WARN_OBJC_LITERAL_CONVERSION = YES;
				CLANG_WARN_OBJC_ROOT_CLASS = YES_ERROR;
				CLANG_WARN_QUOTED_INCLUDE_IN_FRAMEWORK_HEADER = YES;
				CLANG_WARN_RANGE_LOOP_ANALYSIS = YES;
				CLANG_WARN_STRICT_PROTOTYPES = YES;
				CLANG_WARN_SUSPICIOUS_MOVE = YES;
				CLANG_WARN_UNGUARDED_AVAILABILITY = YES_AGGRESSIVE;
				CLANG_WARN_UNREACHABLE_CODE = YES;
				CLANG_WARN__DUPLICATE_METHOD_MATCH = YES;
				COPY_PHASE_STRIP = NO;
				DEAD_CODE_STRIPPING = YES;
				DEBUG_INFORMATION_FORMAT = "dwarf-with-dsym";
				ENABLE_NS_ASSERTIONS = NO;
				ENABLE_STRICT_OBJC_MSGSEND = YES;
				GCC_C_LANGUAGE_STANDARD = gnu11;
				GCC_NO_COMMON_BLOCKS = YES;
				GCC_WARN_64_TO_32_BIT_CONVERSION = YES;
				GCC_WARN_ABOUT_RETURN_TYPE = YES_ERROR;
				GCC_WARN_UNDECLARED_SELECTOR = YES;
				GCC_WARN_UNINITIALIZED_AUTOS = YES_AGGRESSIVE;
				GCC_WARN_UNUSED_FUNCTION = YES;
				GCC_WARN_UNUSED_VARIABLE = YES;
				MTL_ENABLE_DEBUG_INFO = NO;
				MTL_FAST_MATH = YES;
				SWIFT_COMPILATION_MODE = wholemodule;
				SWIFT_OPTIMIZATION_LEVEL = "-O";
			};
			name = Release;
		};
		BF4FFEE0293134DF008C321A /* Debug */ = {
			isa = XCBuildConfiguration;
			buildSettings = {
				ASSETCATALOG_COMPILER_APPICON_NAME = AppIcon;
				ASSETCATALOG_COMPILER_GLOBAL_ACCENT_COLOR_NAME = AccentColor;
				CODE_SIGN_STYLE = Automatic;
				CURRENT_PROJECT_VERSION = 1;
				DEVELOPMENT_ASSET_PATHS = "\"challenge-catar Watch App/Preview Content\"";
				DEVELOPMENT_TEAM = M3SKJK6V42;
				ENABLE_PREVIEWS = YES;
				GENERATE_INFOPLIST_FILE = YES;
				INFOPLIST_KEY_CFBundleDisplayName = "challenge-catar";
				INFOPLIST_KEY_UISupportedInterfaceOrientations = "UIInterfaceOrientationPortrait UIInterfaceOrientationPortraitUpsideDown";
				INFOPLIST_KEY_WKWatchOnly = YES;
				LD_RUNPATH_SEARCH_PATHS = (
					"$(inherited)",
					"@executable_path/Frameworks",
				);
				MARKETING_VERSION = 1.0;
				PRODUCT_BUNDLE_IDENTIFIER = "studies.s.challenge-catar.watchkitapp";
				PRODUCT_NAME = "$(TARGET_NAME)";
				SDKROOT = watchos;
				SKIP_INSTALL = YES;
				SWIFT_EMIT_LOC_STRINGS = YES;
				SWIFT_VERSION = 5.0;
				TARGETED_DEVICE_FAMILY = 4;
				WATCHOS_DEPLOYMENT_TARGET = 9.0;
			};
			name = Debug;
		};
		BF4FFEE1293134DF008C321A /* Release */ = {
			isa = XCBuildConfiguration;
			buildSettings = {
				ASSETCATALOG_COMPILER_APPICON_NAME = AppIcon;
				ASSETCATALOG_COMPILER_GLOBAL_ACCENT_COLOR_NAME = AccentColor;
				CODE_SIGN_STYLE = Automatic;
				CURRENT_PROJECT_VERSION = 1;
				DEVELOPMENT_ASSET_PATHS = "\"challenge-catar Watch App/Preview Content\"";
				DEVELOPMENT_TEAM = M3SKJK6V42;
				ENABLE_PREVIEWS = YES;
				GENERATE_INFOPLIST_FILE = YES;
				INFOPLIST_KEY_CFBundleDisplayName = "challenge-catar";
				INFOPLIST_KEY_UISupportedInterfaceOrientations = "UIInterfaceOrientationPortrait UIInterfaceOrientationPortraitUpsideDown";
				INFOPLIST_KEY_WKWatchOnly = YES;
				LD_RUNPATH_SEARCH_PATHS = (
					"$(inherited)",
					"@executable_path/Frameworks",
				);
				MARKETING_VERSION = 1.0;
				PRODUCT_BUNDLE_IDENTIFIER = "studies.s.challenge-catar.watchkitapp";
				PRODUCT_NAME = "$(TARGET_NAME)";
				SDKROOT = watchos;
				SKIP_INSTALL = YES;
				SWIFT_EMIT_LOC_STRINGS = YES;
				SWIFT_VERSION = 5.0;
				TARGETED_DEVICE_FAMILY = 4;
				VALIDATE_PRODUCT = YES;
				WATCHOS_DEPLOYMENT_TARGET = 9.0;
			};
			name = Release;
		};
		BF4FFEE4293134DF008C321A /* Debug */ = {
			isa = XCBuildConfiguration;
			buildSettings = {
				ALWAYS_EMBED_SWIFT_STANDARD_LIBRARIES = YES;
				CODE_SIGN_STYLE = Automatic;
				CURRENT_PROJECT_VERSION = 1;
				DEVELOPMENT_TEAM = M3SKJK6V42;
				INFOPLIST_KEY_CFBundleDisplayName = "challenge-catar";
				MARKETING_VERSION = 1.0;
				PRODUCT_BUNDLE_IDENTIFIER = "studies.s.challenge-catar";
				PRODUCT_NAME = "$(TARGET_NAME)";
				SDKROOT = iphoneos;
				SWIFT_VERSION = 5.0;
			};
			name = Debug;
		};
		BF4FFEE5293134DF008C321A /* Release */ = {
			isa = XCBuildConfiguration;
			buildSettings = {
				ALWAYS_EMBED_SWIFT_STANDARD_LIBRARIES = YES;
				CODE_SIGN_STYLE = Automatic;
				CURRENT_PROJECT_VERSION = 1;
				DEVELOPMENT_TEAM = M3SKJK6V42;
				INFOPLIST_KEY_CFBundleDisplayName = "challenge-catar";
				MARKETING_VERSION = 1.0;
				PRODUCT_BUNDLE_IDENTIFIER = "studies.s.challenge-catar";
				PRODUCT_NAME = "$(TARGET_NAME)";
				SDKROOT = iphoneos;
				SWIFT_VERSION = 5.0;
				VALIDATE_PRODUCT = YES;
			};
			name = Release;
		};
/* End XCBuildConfiguration section */

/* Begin XCConfigurationList section */
		BF4FFEC6293134DD008C321A /* Build configuration list for PBXProject "challenge-catar" */ = {
			isa = XCConfigurationList;
			buildConfigurations = (
				BF4FFEDD293134DF008C321A /* Debug */,
				BF4FFEDE293134DF008C321A /* Release */,
			);
			defaultConfigurationIsVisible = 0;
			defaultConfigurationName = Release;
		};
		BF4FFEDF293134DF008C321A /* Build configuration list for PBXNativeTarget "challenge-catar Watch App" */ = {
			isa = XCConfigurationList;
			buildConfigurations = (
				BF4FFEE0293134DF008C321A /* Debug */,
				BF4FFEE1293134DF008C321A /* Release */,
			);
			defaultConfigurationIsVisible = 0;
			defaultConfigurationName = Release;
		};
		BF4FFEE3293134DF008C321A /* Build configuration list for PBXNativeTarget "challenge-catar" */ = {
			isa = XCConfigurationList;
			buildConfigurations = (
				BF4FFEE4293134DF008C321A /* Debug */,
				BF4FFEE5293134DF008C321A /* Release */,
			);
			defaultConfigurationIsVisible = 0;
			defaultConfigurationName = Release;
		};
/* End XCConfigurationList section */
	};
	rootObject = BF4FFEC3293134DD008C321A /* Project object */;
}
